
Microsoft Visual Studio Solution File, Format Version 12.00
# Visual Studio 15
VisualStudioVersion = 15.0.27130.2027
MinimumVisualStudioVersion = 10.0.40219.1
Project("{FAE04EC0-301F-11D3-BF4B-00C04F79EFBC}") = "AsiasDarkWren", "AsiasDarkWren\AsiasDarkWren.csproj", "{0477DFCC-761B-46B9-800A-379B56F7A0DA}"
EndProject
Global
	GlobalSection(SolutionConfigurationPlatforms) = preSolution
		Debug|Any CPU = Debug|Any CPU
		Release|Any CPU = Release|Any CPU
	EndGlobalSection
	GlobalSection(ProjectConfigurationPlatforms) = postSolution
		{0477DFCC-761B-46B9-800A-379B56F7A0DA}.Debug|Any CPU.ActiveCfg = Debug|Any CPU
		{0477DFCC-761B-46B9-800A-379B56F7A0DA}.Debug|Any CPU.Build.0 = Debug|Any CPU
		{0477DFCC-761B-46B9-800A-379B56F7A0DA}.Release|Any CPU.ActiveCfg = Release|Any CPU
		{0477DFCC-761B-46B9-800A-379B56F7A0DA}.Release|Any CPU.Build.0 = Release|Any CPU
	EndGlobalSection
	GlobalSection(SolutionProperties) = preSolution
		HideSolutionNode = FALSE
	EndGlobalSection
	GlobalSection(ExtensibilityGlobals) = postSolution
		SolutionGuid = {F15C6272-90DB-4CEC-B113-AE4F70849E87}
	EndGlobalSection
EndGlobal
